
Microsoft Visual Studio Solution File, Format Version 12.00
# Visual Studio 14
VisualStudioVersion = 14.0.24720.0
MinimumVisualStudioVersion = 10.0.40219.1
Project("{FAE04EC0-301F-11D3-BF4B-00C04F79EFBC}") = "MSBuild.AssemblyVersion", "MSBuild.AssemblyVersion\MSBuild.AssemblyVersion.csproj", "{FBB91665-3E0E-440D-AE6E-81518AF3661B}"
EndProject
Global
	GlobalSection(SolutionConfigurationPlatforms) = preSolution
		Debug|Any CPU = Debug|Any CPU
		Release|Any CPU = Release|Any CPU
	EndGlobalSection
	GlobalSection(ProjectConfigurationPlatforms) = postSolution
		{FBB91665-3E0E-440D-AE6E-81518AF3661B}.Debug|Any CPU.ActiveCfg = Debug|Any CPU
		{FBB91665-3E0E-440D-AE6E-81518AF3661B}.Debug|Any CPU.Build.0 = Debug|Any CPU
		{FBB91665-3E0E-440D-AE6E-81518AF3661B}.Release|Any CPU.ActiveCfg = Release|Any CPU
		{FBB91665-3E0E-440D-AE6E-81518AF3661B}.Release|Any CPU.Build.0 = Release|Any CPU
	EndGlobalSection
	GlobalSection(SolutionProperties) = preSolution
		HideSolutionNode = FALSE
	EndGlobalSection
EndGlobal
